
Microsoft Visual Studio Solution File, Format Version 12.00
# Visual Studio Version 16
VisualStudioVersion = 16.0.31321.278
MinimumVisualStudioVersion = 10.0.40219.1
Project("{FAE04EC0-301F-11D3-BF4B-00C04F79EFBC}") = "SortingVisualizer.Persistance", "SortingVisualizer.Persistance\SortingVisualizer.Persistance.csproj", "{B31B02B7-6445-41CD-BAC5-7071A7FB29DE}"
EndProject
Project("{FAE04EC0-301F-11D3-BF4B-00C04F79EFBC}") = "SortingVisualizer.Persistance.Test", "SortingVisualizer.Persistance.Test\SortingVisualizer.Persistance.Test.csproj", "{9E7E34AF-ADE6-4F80-BE44-E4D06990E349}"
EndProject
Project("{FAE04EC0-301F-11D3-BF4B-00C04F79EFBC}") = "SortingVisualizer.UI", "SortingVisualizer.UI\SortingVisualizer.UI.csproj", "{AD5ADCB2-9304-435E-83D9-6D0486FD3DED}"
EndProject
Global
	GlobalSection(SolutionConfigurationPlatforms) = preSolution
		Debug|Any CPU = Debug|Any CPU
		Release|Any CPU = Release|Any CPU
	EndGlobalSection
	GlobalSection(ProjectConfigurationPlatforms) = postSolution
		{B31B02B7-6445-41CD-BAC5-7071A7FB29DE}.Debug|Any CPU.ActiveCfg = Debug|Any CPU
		{B31B02B7-6445-41CD-BAC5-7071A7FB29DE}.Debug|Any CPU.Build.0 = Debug|Any CPU
		{B31B02B7-6445-41CD-BAC5-7071A7FB29DE}.Release|Any CPU.ActiveCfg = Release|Any CPU
		{B31B02B7-6445-41CD-BAC5-7071A7FB29DE}.Release|Any CPU.Build.0 = Release|Any CPU
		{9E7E34AF-ADE6-4F80-BE44-E4D06990E349}.Debug|Any CPU.ActiveCfg = Debug|Any CPU
		{9E7E34AF-ADE6-4F80-BE44-E4D06990E349}.Debug|Any CPU.Build.0 = Debug|Any CPU
		{9E7E34AF-ADE6-4F80-BE44-E4D06990E349}.Release|Any CPU.ActiveCfg = Release|Any CPU
		{9E7E34AF-ADE6-4F80-BE44-E4D06990E349}.Release|Any CPU.Build.0 = Release|Any CPU
		{AD5ADCB2-9304-435E-83D9-6D0486FD3DED}.Debug|Any CPU.ActiveCfg = Debug|Any CPU
		{AD5ADCB2-9304-435E-83D9-6D0486FD3DED}.Debug|Any CPU.Build.0 = Debug|Any CPU
		{AD5ADCB2-9304-435E-83D9-6D0486FD3DED}.Release|Any CPU.ActiveCfg = Release|Any CPU
		{AD5ADCB2-9304-435E-83D9-6D0486FD3DED}.Release|Any CPU.Build.0 = Release|Any CPU
	EndGlobalSection
	GlobalSection(SolutionProperties) = preSolution
		HideSolutionNode = FALSE
	EndGlobalSection
	GlobalSection(ExtensibilityGlobals) = postSolution
		SolutionGuid = {FB53F020-556F-4620-9B75-D9FD99431C35}
	EndGlobalSection
EndGlobal
